{
  "name": "avax-guide",
  "lockfileVersion": 3,
  "requires": true,
  "packages": {
    "": {
      "dependencies": {
        "@rmrk-team/evm-contracts": "^2.5.6"
      }
    },
    "node_modules/@openzeppelin/contracts": {
      "version": "5.4.0",
      "resolved": "https://registry.npmjs.org/@openzeppelin/contracts/-/contracts-5.4.0.tgz",
      "integrity": "sha512-eCYgWnLg6WO+X52I16TZt8uEjbtdkgLC0SUX/xnAksjjrQI4Xfn4iBRoI5j55dmlOhDv1Y7BoR3cU7e3WWhC6A==",
      "license": "MIT"
    },
    "node_modules/@rmrk-team/evm-contracts": {
      "version": "2.5.6",
      "resolved": "https://registry.npmjs.org/@rmrk-team/evm-contracts/-/evm-contracts-2.5.6.tgz",
      "integrity": "sha512-/kByo14dQcaxzRP0ANQbdDpAS9sEIIszwfR8nC0gzmN9LhywSbhX1qxs+grcXmcnM7bd416qG+lijC8yVAmbUg==",
      "license": "Apache-2.0",
      "dependencies": {
        "@openzeppelin/contracts": "^5.0.2"
      },
      "engines": {
        "node": ">=18"
      }
    }
  }
}
